{
  "name": "ajs1-1",
  "version": "1.0.0",
  "lockfileVersion": 2,
  "requires": true,
  "packages": {
    "": {
      "name": "ajs1-1",
      "version": "1.0.0",
      "license": "ISC",
      "dependencies": {
        "@hannellee/ajs1": "^1.0.0"
      }
    },
    "node_modules/@hannellee/ajs1": {
      "version": "1.0.0",
      "resolved": "https://npm.pkg.github.com/download/@hannellee/ajs1/1.0.0/97176cecb608b47b653ffcf18fb300533c12fe5f",
      "integrity": "sha512-BesLEWf8Kq70PfKzQR9nTsFcCf62kBge86QTs2OlA42uP69Etu/qTLktaiLsDYJqXnjEx1Fr/OwEhmEzfmKCPw==",
      "license": "ISC"
    }
  },
  "dependencies": {
    "@hannellee/ajs1": {
      "version": "1.0.0",
      "resolved": "https://npm.pkg.github.com/download/@hannellee/ajs1/1.0.0/97176cecb608b47b653ffcf18fb300533c12fe5f",
      "integrity": "sha512-BesLEWf8Kq70PfKzQR9nTsFcCf62kBge86QTs2OlA42uP69Etu/qTLktaiLsDYJqXnjEx1Fr/OwEhmEzfmKCPw=="
    }
  }
}
